
Microsoft Visual Studio Solution File, Format Version 12.00
# Visual Studio Version 16
VisualStudioVersion = 16.0.31205.134
MinimumVisualStudioVersion = 10.0.40219.1
Project("{FAE04EC0-301F-11D3-BF4B-00C04F79EFBC}") = "Krzysiek", "Krzysiek\Krzysiek.csproj", "{03E083BE-D655-4B85-8323-C038223A0E1D}"
EndProject
Global
	GlobalSection(SolutionConfigurationPlatforms) = preSolution
		Debug|Any CPU = Debug|Any CPU
		Release|Any CPU = Release|Any CPU
	EndGlobalSection
	GlobalSection(ProjectConfigurationPlatforms) = postSolution
		{03E083BE-D655-4B85-8323-C038223A0E1D}.Debug|Any CPU.ActiveCfg = Debug|Any CPU
		{03E083BE-D655-4B85-8323-C038223A0E1D}.Debug|Any CPU.Build.0 = Debug|Any CPU
		{03E083BE-D655-4B85-8323-C038223A0E1D}.Release|Any CPU.ActiveCfg = Release|Any CPU
		{03E083BE-D655-4B85-8323-C038223A0E1D}.Release|Any CPU.Build.0 = Release|Any CPU
	EndGlobalSection
	GlobalSection(SolutionProperties) = preSolution
		HideSolutionNode = FALSE
	EndGlobalSection
	GlobalSection(ExtensibilityGlobals) = postSolution
		SolutionGuid = {3CF93FC5-C4C6-4D45-B191-50D1CE67DCD0}
	EndGlobalSection
EndGlobal
